
Microsoft Visual Studio Solution File, Format Version 12.00
# Visual Studio Version 16
VisualStudioVersion = 16.0.31729.503
MinimumVisualStudioVersion = 10.0.40219.1
Project("{9A19103F-16F7-4668-BE54-9A1E7A4F7556}") = "Task1", "Task1\Task1.csproj", "{93EA738D-3C64-4AB9-9B49-0C479699693E}"
EndProject
Project("{9A19103F-16F7-4668-BE54-9A1E7A4F7556}") = "Task2", "Task2\Task2.csproj", "{1DA394F3-DFF7-4E07-BA9B-C404B100F844}"
EndProject
Project("{FAE04EC0-301F-11D3-BF4B-00C04F79EFBC}") = "Task3", "Task3\Task3.csproj", "{517A65AB-32C5-4680-9C7B-B422C3746203}"
EndProject
Global
	GlobalSection(SolutionConfigurationPlatforms) = preSolution
		Debug|Any CPU = Debug|Any CPU
		Release|Any CPU = Release|Any CPU
	EndGlobalSection
	GlobalSection(ProjectConfigurationPlatforms) = postSolution
		{93EA738D-3C64-4AB9-9B49-0C479699693E}.Debug|Any CPU.ActiveCfg = Debug|Any CPU
		{93EA738D-3C64-4AB9-9B49-0C479699693E}.Debug|Any CPU.Build.0 = Debug|Any CPU
		{93EA738D-3C64-4AB9-9B49-0C479699693E}.Release|Any CPU.ActiveCfg = Release|Any CPU
		{93EA738D-3C64-4AB9-9B49-0C479699693E}.Release|Any CPU.Build.0 = Release|Any CPU
		{1DA394F3-DFF7-4E07-BA9B-C404B100F844}.Debug|Any CPU.ActiveCfg = Debug|Any CPU
		{1DA394F3-DFF7-4E07-BA9B-C404B100F844}.Debug|Any CPU.Build.0 = Debug|Any CPU
		{1DA394F3-DFF7-4E07-BA9B-C404B100F844}.Release|Any CPU.ActiveCfg = Release|Any CPU
		{1DA394F3-DFF7-4E07-BA9B-C404B100F844}.Release|Any CPU.Build.0 = Release|Any CPU
		{517A65AB-32C5-4680-9C7B-B422C3746203}.Debug|Any CPU.ActiveCfg = Debug|Any CPU
		{517A65AB-32C5-4680-9C7B-B422C3746203}.Debug|Any CPU.Build.0 = Debug|Any CPU
		{517A65AB-32C5-4680-9C7B-B422C3746203}.Release|Any CPU.ActiveCfg = Release|Any CPU
		{517A65AB-32C5-4680-9C7B-B422C3746203}.Release|Any CPU.Build.0 = Release|Any CPU
	EndGlobalSection
	GlobalSection(SolutionProperties) = preSolution
		HideSolutionNode = FALSE
	EndGlobalSection
	GlobalSection(ExtensibilityGlobals) = postSolution
		SolutionGuid = {9A195387-A7A1-4E94-8CB8-6700D0FE3F5C}
	EndGlobalSection
EndGlobal
