
Microsoft Visual Studio Solution File, Format Version 12.00
# Visual Studio Version 16
VisualStudioVersion = 16.0.31729.503
MinimumVisualStudioVersion = 10.0.40219.1
Project("{9A19103F-16F7-4668-BE54-9A1E7A4F7556}") = "Task1", "Task1\Task1.csproj", "{89E9BDCA-CD3D-40F2-B99C-5F4BA95D1E75}"
EndProject
Project("{9A19103F-16F7-4668-BE54-9A1E7A4F7556}") = "Task2", "Task2\Task2.csproj", "{AF4E28E2-D406-4789-BA6C-5C9348AFEAAC}"
EndProject
Project("{FAE04EC0-301F-11D3-BF4B-00C04F79EFBC}") = "Task3", "Task3\Task3.csproj", "{902042E3-6F70-4415-9F18-7D52C3D5CAF3}"
EndProject
Project("{FAE04EC0-301F-11D3-BF4B-00C04F79EFBC}") = "Task4", "Task4\Task4.csproj", "{F4A6D429-F186-4483-B34F-D886659DB5CE}"
EndProject
Global
	GlobalSection(SolutionConfigurationPlatforms) = preSolution
		Debug|Any CPU = Debug|Any CPU
		Release|Any CPU = Release|Any CPU
	EndGlobalSection
	GlobalSection(ProjectConfigurationPlatforms) = postSolution
		{89E9BDCA-CD3D-40F2-B99C-5F4BA95D1E75}.Debug|Any CPU.ActiveCfg = Debug|Any CPU
		{89E9BDCA-CD3D-40F2-B99C-5F4BA95D1E75}.Debug|Any CPU.Build.0 = Debug|Any CPU
		{89E9BDCA-CD3D-40F2-B99C-5F4BA95D1E75}.Release|Any CPU.ActiveCfg = Release|Any CPU
		{89E9BDCA-CD3D-40F2-B99C-5F4BA95D1E75}.Release|Any CPU.Build.0 = Release|Any CPU
		{AF4E28E2-D406-4789-BA6C-5C9348AFEAAC}.Debug|Any CPU.ActiveCfg = Debug|Any CPU
		{AF4E28E2-D406-4789-BA6C-5C9348AFEAAC}.Debug|Any CPU.Build.0 = Debug|Any CPU
		{AF4E28E2-D406-4789-BA6C-5C9348AFEAAC}.Release|Any CPU.ActiveCfg = Release|Any CPU
		{AF4E28E2-D406-4789-BA6C-5C9348AFEAAC}.Release|Any CPU.Build.0 = Release|Any CPU
		{902042E3-6F70-4415-9F18-7D52C3D5CAF3}.Debug|Any CPU.ActiveCfg = Debug|Any CPU
		{902042E3-6F70-4415-9F18-7D52C3D5CAF3}.Debug|Any CPU.Build.0 = Debug|Any CPU
		{902042E3-6F70-4415-9F18-7D52C3D5CAF3}.Release|Any CPU.ActiveCfg = Release|Any CPU
		{902042E3-6F70-4415-9F18-7D52C3D5CAF3}.Release|Any CPU.Build.0 = Release|Any CPU
		{F4A6D429-F186-4483-B34F-D886659DB5CE}.Debug|Any CPU.ActiveCfg = Debug|Any CPU
		{F4A6D429-F186-4483-B34F-D886659DB5CE}.Debug|Any CPU.Build.0 = Debug|Any CPU
		{F4A6D429-F186-4483-B34F-D886659DB5CE}.Release|Any CPU.ActiveCfg = Release|Any CPU
		{F4A6D429-F186-4483-B34F-D886659DB5CE}.Release|Any CPU.Build.0 = Release|Any CPU
	EndGlobalSection
	GlobalSection(SolutionProperties) = preSolution
		HideSolutionNode = FALSE
	EndGlobalSection
	GlobalSection(ExtensibilityGlobals) = postSolution
		SolutionGuid = {BBDD0AB8-BEAD-4404-A36A-9F8043662854}
	EndGlobalSection
EndGlobal
